
Microsoft Visual Studio Solution File, Format Version 12.00
# Visual Studio Version 17
VisualStudioVersion = 17.5.002.0
MinimumVisualStudioVersion = 10.0.40219.1
Project("{9A19103F-16F7-4668-BE54-9A1E7A4F7556}") = "GameStore.Client", "GameStore.Client.csproj", "{D7350015-702A-45FE-903B-35ACA2F1492E}"
EndProject
Global
	GlobalSection(SolutionConfigurationPlatforms) = preSolution
		Debug|Any CPU = Debug|Any CPU
		Release|Any CPU = Release|Any CPU
	EndGlobalSection
	GlobalSection(ProjectConfigurationPlatforms) = postSolution
		{D7350015-702A-45FE-903B-35ACA2F1492E}.Debug|Any CPU.ActiveCfg = Debug|Any CPU
		{D7350015-702A-45FE-903B-35ACA2F1492E}.Debug|Any CPU.Build.0 = Debug|Any CPU
		{D7350015-702A-45FE-903B-35ACA2F1492E}.Release|Any CPU.ActiveCfg = Release|Any CPU
		{D7350015-702A-45FE-903B-35ACA2F1492E}.Release|Any CPU.Build.0 = Release|Any CPU
	EndGlobalSection
	GlobalSection(SolutionProperties) = preSolution
		HideSolutionNode = FALSE
	EndGlobalSection
	GlobalSection(ExtensibilityGlobals) = postSolution
		SolutionGuid = {4A2492ED-26CB-49EC-8A5C-14519E3FB767}
	EndGlobalSection
EndGlobal
